// !$*UTF8*$!
{
	archiveVersion = 1;
	classes = {
	};
	objectVersion = 48;
	objects = {

/* Begin PBXBuildFile section */
		01C8F94020385A44003A92E9 /* AppDelegate.swift in Sources */ = {isa = PBXBuildFile; fileRef = 01C8F93F20385A44003A92E9 /* AppDelegate.swift */; };
		01C8F94220385A44003A92E9 /* ViewController.swift in Sources */ = {isa = PBXBuildFile; fileRef = 01C8F94120385A44003A92E9 /* ViewController.swift */; };
		01C8F94520385A44003A92E9 /* Main.storyboard in Resources */ = {isa = PBXBuildFile; fileRef = 01C8F94320385A44003A92E9 /* Main.storyboard */; };
		01C8F94820385A44003A92E9 /* Youtube_dl.xcdatamodeld in Sources */ = {isa = PBXBuildFile; fileRef = 01C8F94620385A44003A92E9 /* Youtube_dl.xcdatamodeld */; };
		01C8F94A20385A44003A92E9 /* Assets.xcassets in Resources */ = {isa = PBXBuildFile; fileRef = 01C8F94920385A44003A92E9 /* Assets.xcassets */; };
		01C8F94D20385A44003A92E9 /* LaunchScreen.storyboard in Resources */ = {isa = PBXBuildFile; fileRef = 01C8F94B20385A44003A92E9 /* LaunchScreen.storyboard */; };
		01C8F95820385A44003A92E9 /* Youtube_dlTests.swift in Sources */ = {isa = PBXBuildFile; fileRef = 01C8F95720385A44003A92E9 /* Youtube_dlTests.swift */; };
		01C8F96320385A44003A92E9 /* Youtube_dlUITests.swift in Sources */ = {isa = PBXBuildFile; fileRef = 01C8F96220385A44003A92E9 /* Youtube_dlUITests.swift */; };
/* End PBXBuildFile section */

/* Begin PBXContainerItemProxy section */
		01C8F95420385A44003A92E9 /* PBXContainerItemProxy */ = {
			isa = PBXContainerItemProxy;
			containerPortal = 01C8F93420385A44003A92E9 /* Project object */;
			proxyType = 1;
			remoteGlobalIDString = 01C8F93B20385A44003A92E9;
			remoteInfo = "Youtube-dl";
		};
		01C8F95F20385A44003A92E9 /* PBXContainerItemProxy */ = {
			isa = PBXContainerItemProxy;
			containerPortal = 01C8F93420385A44003A92E9 /* Project object */;
			proxyType = 1;
			remoteGlobalIDString = 01C8F93B20385A44003A92E9;
			remoteInfo = "Youtube-dl";
		};
/* End PBXContainerItemProxy section */

/* Begin PBXFileReference section */
		01C8F93C20385A44003A92E9 /* Youtube-dl.app */ = {isa = PBXFileReference; explicitFileType = wrapper.application; includeInIndex = 0; path = "Youtube-dl.app"; sourceTree = BUILT_PRODUCTS_DIR; };
		01C8F93F20385A44003A92E9 /* AppDelegate.swift */ = {isa = PBXFileReference; lastKnownFileType = sourcecode.swift; path = AppDelegate.swift; sourceTree = "<group>"; };
		01C8F94120385A44003A92E9 /* ViewController.swift */ = {isa = PBXFileReference; lastKnownFileType = sourcecode.swift; path = ViewController.swift; sourceTree = "<group>"; };
		01C8F94420385A44003A92E9 /* Base */ = {isa = PBXFileReference; lastKnownFileType = file.storyboard; name = Base; path = Base.lproj/Main.storyboard; sourceTree = "<group>"; };
		01C8F94720385A44003A92E9 /* Youtube_dl.xcdatamodel */ = {isa = PBXFileReference; lastKnownFileType = wrapper.xcdatamodel; path = Youtube_dl.xcdatamodel; sourceTree = "<group>"; };
		01C8F94920385A44003A92E9 /* Assets.xcassets */ = {isa = PBXFileReference; lastKnownFileType = folder.assetcatalog; path = Assets.xcassets; sourceTree = "<group>"; };
		01C8F94C20385A44003A92E9 /* Base */ = {isa = PBXFileReference; lastKnownFileType = file.storyboard; name = Base; path = Base.lproj/LaunchScreen.storyboard; sourceTree = "<group>"; };
		01C8F94E20385A44003A92E9 /* Info.plist */ = {isa = PBXFileReference; lastKnownFileType = text.plist.xml; path = Info.plist; sourceTree = "<group>"; };
		01C8F95320385A44003A92E9 /* Youtube-dlTests.xctest */ = {isa = PBXFileReference; explicitFileType = wrapper.cfbundle; includeInIndex = 0; path = "Youtube-dlTests.xctest"; sourceTree = BUILT_PRODUCTS_DIR; };
		01C8F95720385A44003A92E9 /* Youtube_dlTests.swift */ = {isa = PBXFileReference; lastKnownFileType = sourcecode.swift; path = Youtube_dlTests.swift; sourceTree = "<group>"; };
		01C8F95920385A44003A92E9 /* Info.plist */ = {isa = PBXFileReference; lastKnownFileType = text.plist.xml; path = Info.plist; sourceTree = "<group>"; };
		01C8F95E20385A44003A92E9 /* Youtube-dlUITests.xctest */ = {isa = PBXFileReference; explicitFileType = wrapper.cfbundle; includeInIndex = 0; path = "Youtube-dlUITests.xctest"; sourceTree = BUILT_PRODUCTS_DIR; };
		01C8F96220385A44003A92E9 /* Youtube_dlUITests.swift */ = {isa = PBXFileReference; lastKnownFileType = sourcecode.swift; path = Youtube_dlUITests.swift; sourceTree = "<group>"; };
		01C8F96420385A44003A92E9 /* Info.plist */ = {isa = PBXFileReference; lastKnownFileType = text.plist.xml; path = Info.plist; sourceTree = "<group>"; };
/* End PBXFileReference section */

/* Begin PBXFrameworksBuildPhase section */
		01C8F93920385A44003A92E9 /* Frameworks */ = {
			isa = PBXFrameworksBuildPhase;
			buildActionMask = 2147483647;
			files = (
			);
			runOnlyForDeploymentPostprocessing = 0;
		};
		01C8F95020385A44003A92E9 /* Frameworks */ = {
			isa = PBXFrameworksBuildPhase;
			buildActionMask = 2147483647;
			files = (
			);
			runOnlyForDeploymentPostprocessing = 0;
		};
		01C8F95B20385A44003A92E9 /* Frameworks */ = {
			isa = PBXFrameworksBuildPhase;
			buildActionMask = 2147483647;
			files = (
			);
			runOnlyForDeploymentPostprocessing = 0;
		};
/* End PBXFrameworksBuildPhase section */

/* Begin PBXGroup section */
		01C8F93320385A44003A92E9 = {
			isa = PBXGroup;
			children = (
				01C8F93E20385A44003A92E9 /* Youtube-dl */,
				01C8F95620385A44003A92E9 /* Youtube-dlTests */,
				01C8F96120385A44003A92E9 /* Youtube-dlUITests */,
				01C8F93D20385A44003A92E9 /* Products */,
			);
			sourceTree = "<group>";
		};
		01C8F93D20385A44003A92E9 /* Products */ = {
			isa = PBXGroup;
			children = (
				01C8F93C20385A44003A92E9 /* Youtube-dl.app */,
				01C8F95320385A44003A92E9 /* Youtube-dlTests.xctest */,
				01C8F95E20385A44003A92E9 /* Youtube-dlUITests.xctest */,
			);
			name = Products;
			sourceTree = "<group>";
		};
		01C8F93E20385A44003A92E9 /* Youtube-dl */ = {
			isa = PBXGroup;
			children = (
				01C8F93F20385A44003A92E9 /* AppDelegate.swift */,
				01C8F94120385A44003A92E9 /* ViewController.swift */,
				01C8F94320385A44003A92E9 /* Main.storyboard */,
				01C8F94920385A44003A92E9 /* Assets.xcassets */,
				01C8F94B20385A44003A92E9 /* LaunchScreen.storyboard */,
				01C8F94E20385A44003A92E9 /* Info.plist */,
				01C8F94620385A44003A92E9 /* Youtube_dl.xcdatamodeld */,
			);
			path = "Youtube-dl";
			sourceTree = "<group>";
		};
		01C8F95620385A44003A92E9 /* Youtube-dlTests */ = {
			isa = PBXGroup;
			children = (
				01C8F95720385A44003A92E9 /* Youtube_dlTests.swift */,
				01C8F95920385A44003A92E9 /* Info.plist */,
			);
			path = "Youtube-dlTests";
			sourceTree = "<group>";
		};
		01C8F96120385A44003A92E9 /* Youtube-dlUITests */ = {
			isa = PBXGroup;
			children = (
				01C8F96220385A44003A92E9 /* Youtube_dlUITests.swift */,
				01C8F96420385A44003A92E9 /* Info.plist */,
			);
			path = "Youtube-dlUITests";
			sourceTree = "<group>";
		};
/* End PBXGroup section */

/* Begin PBXNativeTarget section */
		01C8F93B20385A44003A92E9 /* Youtube-dl */ = {
			isa = PBXNativeTarget;
			buildConfigurationList = 01C8F96720385A44003A92E9 /* Build configuration list for PBXNativeTarget "Youtube-dl" */;
			buildPhases = (
				01C8F93820385A44003A92E9 /* Sources */,
				01C8F93920385A44003A92E9 /* Frameworks */,
				01C8F93A20385A44003A92E9 /* Resources */,
			);
			buildRules = (
			);
			dependencies = (
			);
			name = "Youtube-dl";
			productName = "Youtube-dl";
			productReference = 01C8F93C20385A44003A92E9 /* Youtube-dl.app */;
			productType = "com.apple.product-type.application";
		};
		01C8F95220385A44003A92E9 /* Youtube-dlTests */ = {
			isa = PBXNativeTarget;
			buildConfigurationList = 01C8F96A20385A44003A92E9 /* Build configuration list for PBXNativeTarget "Youtube-dlTests" */;
			buildPhases = (
				01C8F94F20385A44003A92E9 /* Sources */,
				01C8F95020385A44003A92E9 /* Frameworks */,
				01C8F95120385A44003A92E9 /* Resources */,
			);
			buildRules = (
			);
			dependencies = (
				01C8F95520385A44003A92E9 /* PBXTargetDependency */,
			);
			name = "Youtube-dlTests";
			productName = "Youtube-dlTests";
			productReference = 01C8F95320385A44003A92E9 /* Youtube-dlTests.xctest */;
			productType = "com.apple.product-type.bundle.unit-test";
		};
		01C8F95D20385A44003A92E9 /* Youtube-dlUITests */ = {
			isa = PBXNativeTarget;
			buildConfigurationList = 01C8F96D20385A44003A92E9 /* Build configuration list for PBXNativeTarget "Youtube-dlUITests" */;
			buildPhases = (
				01C8F95A20385A44003A92E9 /* Sources */,
				01C8F95B20385A44003A92E9 /* Frameworks */,
				01C8F95C20385A44003A92E9 /* Resources */,
			);
			buildRules = (
			);
			dependencies = (
				01C8F96020385A44003A92E9 /* PBXTargetDependency */,
			);
			name = "Youtube-dlUITests";
			productName = "Youtube-dlUITests";
			productReference = 01C8F95E20385A44003A92E9 /* Youtube-dlUITests.xctest */;
			productType = "com.apple.product-type.bundle.ui-testing";
		};
/* End PBXNativeTarget section */

/* Begin PBXProject section */
		01C8F93420385A44003A92E9 /* Project object */ = {
			isa = PBXProject;
			attributes = {
				LastSwiftUpdateCheck = 0920;
				LastUpgradeCheck = 0920;
				ORGANIZATIONNAME = "Chen Zerui";
				TargetAttributes = {
					01C8F93B20385A44003A92E9 = {
						CreatedOnToolsVersion = 9.2;
						ProvisioningStyle = Automatic;
					};
					01C8F95220385A44003A92E9 = {
						CreatedOnToolsVersion = 9.2;
						ProvisioningStyle = Automatic;
						TestTargetID = 01C8F93B20385A44003A92E9;
					};
					01C8F95D20385A44003A92E9 = {
						CreatedOnToolsVersion = 9.2;
						ProvisioningStyle = Automatic;
						TestTargetID = 01C8F93B20385A44003A92E9;
					};
				};
			};
			buildConfigurationList = 01C8F93720385A44003A92E9 /* Build configuration list for PBXProject "Youtube-dl" */;
			compatibilityVersion = "Xcode 8.0";
			developmentRegion = en;
			hasScannedForEncodings = 0;
			knownRegions = (
				en,
				Base,
			);
			mainGroup = 01C8F93320385A44003A92E9;
			productRefGroup = 01C8F93D20385A44003A92E9 /* Products */;
			projectDirPath = "";
			projectRoot = "";
			targets = (
				01C8F93B20385A44003A92E9 /* Youtube-dl */,
				01C8F95220385A44003A92E9 /* Youtube-dlTests */,
				01C8F95D20385A44003A92E9 /* Youtube-dlUITests */,
			);
		};
/* End PBXProject section */

/* Begin PBXResourcesBuildPhase section */
		01C8F93A20385A44003A92E9 /* Resources */ = {
			isa = PBXResourcesBuildPhase;
			buildActionMask = 2147483647;
			files = (
				01C8F94D20385A44003A92E9 /* LaunchScreen.storyboard in Resources */,
				01C8F94A20385A44003A92E9 /* Assets.xcassets in Resources */,
				01C8F94520385A44003A92E9 /* Main.storyboard in Resources */,
			);
			runOnlyForDeploymentPostprocessing = 0;
		};
		01C8F95120385A44003A92E9 /* Resources */ = {
			isa = PBXResourcesBuildPhase;
			buildActionMask = 2147483647;
			files = (
			);
			runOnlyForDeploymentPostprocessing = 0;
		};
		01C8F95C20385A44003A92E9 /* Resources */ = {
			isa = PBXResourcesBuildPhase;
			buildActionMask = 2147483647;
			files = (
			);
			runOnlyForDeploymentPostprocessing = 0;
		};
/* End PBXResourcesBuildPhase section */

/* Begin PBXSourcesBuildPhase section */
		01C8F93820385A44003A92E9 /* Sources */ = {
			isa = PBXSourcesBuildPhase;
			buildActionMask = 2147483647;
			files = (
				01C8F94220385A44003A92E9 /* ViewController.swift in Sources */,
				01C8F94820385A44003A92E9 /* Youtube_dl.xcdatamodeld in Sources */,
				01C8F94020385A44003A92E9 /* AppDelegate.swift in Sources */,
			);
			runOnlyForDeploymentPostprocessing = 0;
		};
		01C8F94F20385A44003A92E9 /* Sources */ = {
			isa = PBXSourcesBuildPhase;
			buildActionMask = 2147483647;
			files = (
				01C8F95820385A44003A92E9 /* Youtube_dlTests.swift in Sources */,
			);
			runOnlyForDeploymentPostprocessing = 0;
		};
		01C8F95A20385A44003A92E9 /* Sources */ = {
			isa = PBXSourcesBuildPhase;
			buildActionMask = 2147483647;
			files = (
				01C8F96320385A44003A92E9 /* Youtube_dlUITests.swift in Sources */,
			);
			runOnlyForDeploymentPostprocessing = 0;
		};
/* End PBXSourcesBuildPhase section */

/* Begin PBXTargetDependency section */
		01C8F95520385A44003A92E9 /* PBXTargetDependency */ = {
			isa = PBXTargetDependency;
			target = 01C8F93B20385A44003A92E9 /* Youtube-dl */;
			targetProxy = 01C8F95420385A44003A92E9 /* PBXContainerItemProxy */;
		};
		01C8F96020385A44003A92E9 /* PBXTargetDependency */ = {
			isa = PBXTargetDependency;
			target = 01C8F93B20385A44003A92E9 /* Youtube-dl */;
			targetProxy = 01C8F95F20385A44003A92E9 /* PBXContainerItemProxy */;
		};
/* End PBXTargetDependency section */

/* Begin PBXVariantGroup section */
		01C8F94320385A44003A92E9 /* Main.storyboard */ = {
			isa = PBXVariantGroup;
			children = (
				01C8F94420385A44003A92E9 /* Base */,
			);
			name = Main.storyboard;
			sourceTree = "<group>";
		};
		01C8F94B20385A44003A92E9 /* LaunchScreen.storyboard */ = {
			isa = PBXVariantGroup;
			children = (
				01C8F94C20385A44003A92E9 /* Base */,
			);
			name = LaunchScreen.storyboard;
			sourceTree = "<group>";
		};
/* End PBXVariantGroup section */

/* Begin XCBuildConfiguration section */
		01C8F96520385A44003A92E9 /* Debug */ = {
			isa = XCBuildConfiguration;
			buildSettings = {
				ALWAYS_SEARCH_USER_PATHS = NO;
				CLANG_ANALYZER_NONNULL = YES;
				CLANG_ANALYZER_NUMBER_OBJECT_CONVERSION = YES_AGGRESSIVE;
				CLANG_CXX_LANGUAGE_STANDARD = "gnu++14";
				CLANG_CXX_LIBRARY = "libc++";
				CLANG_ENABLE_MODULES = YES;
				CLANG_ENABLE_OBJC_ARC = YES;
				CLANG_WARN_BLOCK_CAPTURE_AUTORELEASING = YES;
				CLANG_WARN_BOOL_CONVERSION = YES;
				CLANG_WARN_COMMA = YES;
				CLANG_WARN_CONSTANT_CONVERSION = YES;
				CLANG_WARN_DIRECT_OBJC_ISA_USAGE = YES_ERROR;
				CLANG_WARN_DOCUMENTATION_COMMENTS = YES;
				CLANG_WARN_EMPTY_BODY = YES;
				CLANG_WARN_ENUM_CONVERSION = YES;
				CLANG_WARN_INFINITE_RECURSION = YES;
				CLANG_WARN_INT_CONVERSION = YES;
				CLANG_WARN_NON_LITERAL_NULL_CONVERSION = YES;
				CLANG_WARN_OBJC_LITERAL_CONVERSION = YES;
				CLANG_WARN_OBJC_ROOT_CLASS = YES_ERROR;
				CLANG_WARN_RANGE_LOOP_ANALYSIS = YES;
				CLANG_WARN_STRICT_PROTOTYPES = YES;
				CLANG_WARN_SUSPICIOUS_MOVE = YES;
				CLANG_WARN_UNGUARDED_AVAILABILITY = YES_AGGRESSIVE;
				CLANG_WARN_UNREACHABLE_CODE = YES;
				CLANG_WARN__DUPLICATE_METHOD_MATCH = YES;
				CODE_SIGN_IDENTITY = "iPhone Developer";
				COPY_PHASE_STRIP = NO;
				DEBUG_INFORMATION_FORMAT = dwarf;
				ENABLE_STRICT_OBJC_MSGSEND = YES;
				ENABLE_TESTABILITY = YES;
				GCC_C_LANGUAGE_STANDARD = gnu11;
				GCC_DYNAMIC_NO_PIC = NO;
				GCC_NO_COMMON_BLOCKS = YES;
				GCC_OPTIMIZATION_LEVEL = 0;
				GCC_PREPROCESSOR_DEFINITIONS = (
					"DEBUG=1",
					"$(inherited)",
				);
				GCC_WARN_64_TO_32_BIT_CONVERSION = YES;
				GCC_WARN_ABOUT_RETURN_TYPE = YES_ERROR;
				GCC_WARN_UNDECLARED_SELECTOR = YES;
				GCC_WARN_UNINITIALIZED_AUTOS = YES_AGGRESSIVE;
				GCC_WARN_UNUSED_FUNCTION = YES;
				GCC_WARN_UNUSED_VARIABLE = YES;
				IPHONEOS_DEPLOYMENT_TARGET = 11.2;
				MTL_ENABLE_DEBUG_INFO = YES;
				ONLY_ACTIVE_ARCH = YES;
				SDKROOT = iphoneos;
				SWIFT_ACTIVE_COMPILATION_CONDITIONS = DEBUG;
				SWIFT_OPTIMIZATION_LEVEL = "-Onone";
			};
			name = Debug;
		};
		01C8F96620385A44003A92E9 /* Release */ = {
			isa = XCBuildConfiguration;
			buildSettings = {
				ALWAYS_SEARCH_USER_PATHS = NO;
				CLANG_ANALYZER_NONNULL = YES;
				CLANG_ANALYZER_NUMBER_OBJECT_CONVERSION = YES_AGGRESSIVE;
				CLANG_CXX_LANGUAGE_STANDARD = "gnu++14";
				CLANG_CXX_LIBRARY = "libc++";
				CLANG_ENABLE_MODULES = YES;
				CLANG_ENABLE_OBJC_ARC = YES;
				CLANG_WARN_BLOCK_CAPTURE_AUTORELEASING = YES;
				CLANG_WARN_BOOL_CONVERSION = YES;
				CLANG_WARN_COMMA = YES;
				CLANG_WARN_CONSTANT_CONVERSION = YES;
				CLANG_WARN_DIRECT_OBJC_ISA_USAGE = YES_ERROR;
				CLANG_WARN_DOCUMENTATION_COMMENTS = YES;
				CLANG_WARN_EMPTY_BODY = YES;
				CLANG_WARN_ENUM_CONVERSION = YES;
				CLANG_WARN_INFINITE_RECURSION = YES;
				CLANG_WARN_INT_CONVERSION = YES;
				CLANG_WARN_NON_LITERAL_NULL_CONVERSION = YES;
				CLANG_WARN_OBJC_LITERAL_CONVERSION = YES;
				CLANG_WARN_OBJC_ROOT_CLASS = YES_ERROR;
				CLANG_WARN_RANGE_LOOP_ANALYSIS = YES;
				CLANG_WARN_STRICT_PROTOTYPES = YES;
				CLANG_WARN_SUSPICIOUS_MOVE = YES;
				CLANG_WARN_UNGUARDED_AVAILABILITY = YES_AGGRESSIVE;
				CLANG_WARN_UNREACHABLE_CODE = YES;
				CLANG_WARN__DUPLICATE_METHOD_MATCH = YES;
				CODE_SIGN_IDENTITY = "iPhone Developer";
				COPY_PHASE_STRIP = NO;
				DEBUG_INFORMATION_FORMAT = "dwarf-with-dsym";
				ENABLE_NS_ASSERTIONS = NO;
				ENABLE_STRICT_OBJC_MSGSEND = YES;
				GCC_C_LANGUAGE_STANDARD = gnu11;
				GCC_NO_COMMON_BLOCKS = YES;
				GCC_WARN_64_TO_32_BIT_CONVERSION = YES;
				GCC_WARN_ABOUT_RETURN_TYPE = YES_ERROR;
				GCC_WARN_UNDECLARED_SELECTOR = YES;
				GCC_WARN_UNINITIALIZED_AUTOS = YES_AGGRESSIVE;
				GCC_WARN_UNUSED_FUNCTION = YES;
				GCC_WARN_UNUSED_VARIABLE = YES;
				IPHONEOS_DEPLOYMENT_TARGET = 11.2;
				MTL_ENABLE_DEBUG_INFO = NO;
				SDKROOT = iphoneos;
				SWIFT_OPTIMIZATION_LEVEL = "-Owholemodule";
				VALIDATE_PRODUCT = YES;
			};
			name = Release;
		};
		01C8F96820385A44003A92E9 /* Debug */ = {
			isa = XCBuildConfiguration;
			buildSettings = {
				ASSETCATALOG_COMPILER_APPICON_NAME = AppIcon;
				CODE_SIGN_STYLE = Automatic;
				DEVELOPMENT_TEAM = 789MW96BQB;
				INFOPLIST_FILE = "Youtube-dl/Info.plist";
				LD_RUNPATH_SEARCH_PATHS = "$(inherited) @executable_path/Frameworks";
				PRODUCT_BUNDLE_IDENTIFIER = "com.Zerui.Youtube-dl";
				PRODUCT_NAME = "$(TARGET_NAME)";
				SWIFT_VERSION = 4.0;
				TARGETED_DEVICE_FAMILY = "1,2";
			};
			name = Debug;
		};
		01C8F96920385A44003A92E9 /* Release */ = {
			isa = XCBuildConfiguration;
			buildSettings = {
				ASSETCATALOG_COMPILER_APPICON_NAME = AppIcon;
				CODE_SIGN_STYLE = Automatic;
				DEVELOPMENT_TEAM = 789MW96BQB;
				INFOPLIST_FILE = "Youtube-dl/Info.plist";
				LD_RUNPATH_SEARCH_PATHS = "$(inherited) @executable_path/Frameworks";
				PRODUCT_BUNDLE_IDENTIFIER = "com.Zerui.Youtube-dl";
				PRODUCT_NAME = "$(TARGET_NAME)";
				SWIFT_VERSION = 4.0;
				TARGETED_DEVICE_FAMILY = "1,2";
			};
			name = Release;
		};
		01C8F96B20385A44003A92E9 /* Debug */ = {
			isa = XCBuildConfiguration;
			buildSettings = {
				ALWAYS_EMBED_SWIFT_STANDARD_LIBRARIES = YES;
				BUNDLE_LOADER = "$(TEST_HOST)";
				CODE_SIGN_STYLE = Automatic;
				DEVELOPMENT_TEAM = 789MW96BQB;
				INFOPLIST_FILE = "Youtube-dlTests/Info.plist";
				LD_RUNPATH_SEARCH_PATHS = "$(inherited) @executable_path/Frameworks @loader_path/Frameworks";
				PRODUCT_BUNDLE_IDENTIFIER = "com.Zerui.Youtube-dlTests";
				PRODUCT_NAME = "$(TARGET_NAME)";
				SWIFT_VERSION = 4.0;
				TARGETED_DEVICE_FAMILY = "1,2";
				TEST_HOST = "$(BUILT_PRODUCTS_DIR)/Youtube-dl.app/Youtube-dl";
			};
			name = Debug;
		};
		01C8F96C20385A44003A92E9 /* Release */ = {
			isa = XCBuildConfiguration;
			buildSettings = {
				ALWAYS_EMBED_SWIFT_STANDARD_LIBRARIES = YES;
				BUNDLE_LOADER = "$(TEST_HOST)";
				CODE_SIGN_STYLE = Automatic;
				DEVELOPMENT_TEAM = 789MW96BQB;
				INFOPLIST_FILE = "Youtube-dlTests/Info.plist";
				LD_RUNPATH_SEARCH_PATHS = "$(inherited) @executable_path/Frameworks @loader_path/Frameworks";
				PRODUCT_BUNDLE_IDENTIFIER = "com.Zerui.Youtube-dlTests";
				PRODUCT_NAME = "$(TARGET_NAME)";
				SWIFT_VERSION = 4.0;
				TARGETED_DEVICE_FAMILY = "1,2";
				TEST_HOST = "$(BUILT_PRODUCTS_DIR)/Youtube-dl.app/Youtube-dl";
			};
			name = Release;
		};
		01C8F96E20385A44003A92E9 /* Debug */ = {
			isa = XCBuildConfiguration;
			buildSettings = {
				ALWAYS_EMBED_SWIFT_STANDARD_LIBRARIES = YES;
				CODE_SIGN_STYLE = Automatic;
				DEVELOPMENT_TEAM = 789MW96BQB;
				INFOPLIST_FILE = "Youtube-dlUITests/Info.plist";
				LD_RUNPATH_SEARCH_PATHS = "$(inherited) @executable_path/Frameworks @loader_path/Frameworks";
				PRODUCT_BUNDLE_IDENTIFIER = "com.Zerui.Youtube-dlUITests";
				PRODUCT_NAME = "$(TARGET_NAME)";
				SWIFT_VERSION = 4.0;
				TARGETED_DEVICE_FAMILY = "1,2";
				TEST_TARGET_NAME = "Youtube-dl";
			};
			name = Debug;
		};
		01C8F96F20385A44003A92E9 /* Release */ = {
			isa = XCBuildConfiguration;
			buildSettings = {
				ALWAYS_EMBED_SWIFT_STANDARD_LIBRARIES = YES;
				CODE_SIGN_STYLE = Automatic;
				DEVELOPMENT_TEAM = 789MW96BQB;
				INFOPLIST_FILE = "Youtube-dlUITests/Info.plist";
				LD_RUNPATH_SEARCH_PATHS = "$(inherited) @executable_path/Frameworks @loader_path/Frameworks";
				PRODUCT_BUNDLE_IDENTIFIER = "com.Zerui.Youtube-dlUITests";
				PRODUCT_NAME = "$(TARGET_NAME)";
				SWIFT_VERSION = 4.0;
				TARGETED_DEVICE_FAMILY = "1,2";
				TEST_TARGET_NAME = "Youtube-dl";
			};
			name = Release;
		};
/* End XCBuildConfiguration section */

/* Begin XCConfigurationList section */
		01C8F93720385A44003A92E9 /* Build configuration list for PBXProject "Youtube-dl" */ = {
			isa = XCConfigurationList;
			buildConfigurations = (
				01C8F96520385A44003A92E9 /* Debug */,
				01C8F96620385A44003A92E9 /* Release */,
			);
			defaultConfigurationIsVisible = 0;
			defaultConfigurationName = Release;
		};
		01C8F96720385A44003A92E9 /* Build configuration list for PBXNativeTarget "Youtube-dl" */ = {
			isa = XCConfigurationList;
			buildConfigurations = (
				01C8F96820385A44003A92E9 /* Debug */,
				01C8F96920385A44003A92E9 /* Release */,
			);
			defaultConfigurationIsVisible = 0;
			defaultConfigurationName = Release;
		};
		01C8F96A20385A44003A92E9 /* Build configuration list for PBXNativeTarget "Youtube-dlTests" */ = {
			isa = XCConfigurationList;
			buildConfigurations = (
				01C8F96B20385A44003A92E9 /* Debug */,
				01C8F96C20385A44003A92E9 /* Release */,
			);
			defaultConfigurationIsVisible = 0;
			defaultConfigurationName = Release;
		};
		01C8F96D20385A44003A92E9 /* Build configuration list for PBXNativeTarget "Youtube-dlUITests" */ = {
			isa = XCConfigurationList;
			buildConfigurations = (
				01C8F96E20385A44003A92E9 /* Debug */,
				01C8F96F20385A44003A92E9 /* Release */,
			);
			defaultConfigurationIsVisible = 0;
			defaultConfigurationName = Release;
		};
/* End XCConfigurationList section */

/* Begin XCVersionGroup section */
		01C8F94620385A44003A92E9 /* Youtube_dl.xcdatamodeld */ = {
			isa = XCVersionGroup;
			children = (
				01C8F94720385A44003A92E9 /* Youtube_dl.xcdatamodel */,
			);
			currentVersion = 01C8F94720385A44003A92E9 /* Youtube_dl.xcdatamodel */;
			path = Youtube_dl.xcdatamodeld;
			sourceTree = "<group>";
			versionGroupType = wrapper.xcdatamodel;
		};
/* End XCVersionGroup section */
	};
	rootObject = 01C8F93420385A44003A92E9 /* Project object */;
}
